// !$*UTF8*$!
{
	archiveVersion = 1;
	classes = {
	};
	objectVersion = 46;
	objects = {

/* Begin PBXBuildFile section */
		E48D9CEF199F3351003351E5 /* Foundation.framework in Frameworks */ = {isa = PBXBuildFile; fileRef = E48D9CEE199F3351003351E5 /* Foundation.framework */; };
		E48D9CF1199F3351003351E5 /* CoreGraphics.framework in Frameworks */ = {isa = PBXBuildFile; fileRef = E48D9CF0199F3351003351E5 /* CoreGraphics.framework */; };
		E48D9CF3199F3351003351E5 /* UIKit.framework in Frameworks */ = {isa = PBXBuildFile; fileRef = E48D9CF2199F3351003351E5 /* UIKit.framework */; };
		E48D9CF9199F3351003351E5 /* InfoPlist.strings in Resources */ = {isa = PBXBuildFile; fileRef = E48D9CF7199F3351003351E5 /* InfoPlist.strings */; };
		E48D9CFB199F3351003351E5 /* main.m in Sources */ = {isa = PBXBuildFile; fileRef = E48D9CFA199F3351003351E5 /* main.m */; };
		E48D9CFF199F3351003351E5 /* AppDelegate.m in Sources */ = {isa = PBXBuildFile; fileRef = E48D9CFE199F3351003351E5 /* AppDelegate.m */; };
		E48D9D01199F3351003351E5 /* Images.xcassets in Resources */ = {isa = PBXBuildFile; fileRef = E48D9D00199F3351003351E5 /* Images.xcassets */; };
		E48D9D08199F3351003351E5 /* XCTest.framework in Frameworks */ = {isa = PBXBuildFile; fileRef = E48D9D07199F3351003351E5 /* XCTest.framework */; };
		E48D9D09199F3351003351E5 /* Foundation.framework in Frameworks */ = {isa = PBXBuildFile; fileRef = E48D9CEE199F3351003351E5 /* Foundation.framework */; };
		E48D9D0A199F3351003351E5 /* UIKit.framework in Frameworks */ = {isa = PBXBuildFile; fileRef = E48D9CF2199F3351003351E5 /* UIKit.framework */; };
		E48D9D12199F3351003351E5 /* InfoPlist.strings in Resources */ = {isa = PBXBuildFile; fileRef = E48D9D10199F3351003351E5 /* InfoPlist.strings */; };
		E48D9D14199F3351003351E5 /* StudentLivingTests.m in Sources */ = {isa = PBXBuildFile; fileRef = E48D9D13199F3351003351E5 /* StudentLivingTests.m */; };
		E48D9D24199F33F9003351E5 /* Main.storyboard in Resources */ = {isa = PBXBuildFile; fileRef = E48D9D23199F33F9003351E5 /* Main.storyboard */; };
		E48D9D2B199F40CE003351E5 /* OverviewViewController.m in Sources */ = {isa = PBXBuildFile; fileRef = E48D9D2A199F40CE003351E5 /* OverviewViewController.m */; };
		E48D9D2E199F40DD003351E5 /* ProjectionsViewController.m in Sources */ = {isa = PBXBuildFile; fileRef = E48D9D2D199F40DD003351E5 /* ProjectionsViewController.m */; };
		E48D9D31199F40EB003351E5 /* ExpendituresViewController.m in Sources */ = {isa = PBXBuildFile; fileRef = E48D9D30199F40EB003351E5 /* ExpendituresViewController.m */; };
		E48D9D34199F40F6003351E5 /* AddExpenditureViewController.m in Sources */ = {isa = PBXBuildFile; fileRef = E48D9D33199F40F6003351E5 /* AddExpenditureViewController.m */; };
		E48D9D38199F411B003351E5 /* ExpenditureCell.m in Sources */ = {isa = PBXBuildFile; fileRef = E48D9D37199F411B003351E5 /* ExpenditureCell.m */; };
		E48D9D3B199F423F003351E5 /* UIView+FormScroll.m in Sources */ = {isa = PBXBuildFile; fileRef = E48D9D3A199F423F003351E5 /* UIView+FormScroll.m */; };
/* End PBXBuildFile section */

/* Begin PBXContainerItemProxy section */
		E48D9D0B199F3351003351E5 /* PBXContainerItemProxy */ = {
			isa = PBXContainerItemProxy;
			containerPortal = E48D9CE3199F3351003351E5 /* Project object */;
			proxyType = 1;
			remoteGlobalIDString = E48D9CEA199F3351003351E5;
			remoteInfo = StudentLiving;
		};
/* End PBXContainerItemProxy section */

/* Begin PBXFileReference section */
		E48D9CEB199F3351003351E5 /* StudentLiving.app */ = {isa = PBXFileReference; explicitFileType = wrapper.application; includeInIndex = 0; path = StudentLiving.app; sourceTree = BUILT_PRODUCTS_DIR; };
		E48D9CEE199F3351003351E5 /* Foundation.framework */ = {isa = PBXFileReference; lastKnownFileType = wrapper.framework; name = Foundation.framework; path = System/Library/Frameworks/Foundation.framework; sourceTree = SDKROOT; };
		E48D9CF0199F3351003351E5 /* CoreGraphics.framework */ = {isa = PBXFileReference; lastKnownFileType = wrapper.framework; name = CoreGraphics.framework; path = System/Library/Frameworks/CoreGraphics.framework; sourceTree = SDKROOT; };
		E48D9CF2199F3351003351E5 /* UIKit.framework */ = {isa = PBXFileReference; lastKnownFileType = wrapper.framework; name = UIKit.framework; path = System/Library/Frameworks/UIKit.framework; sourceTree = SDKROOT; };
		E48D9CF6199F3351003351E5 /* StudentLiving-Info.plist */ = {isa = PBXFileReference; lastKnownFileType = text.plist.xml; path = "StudentLiving-Info.plist"; sourceTree = "<group>"; };
		E48D9CF8199F3351003351E5 /* en */ = {isa = PBXFileReference; lastKnownFileType = text.plist.strings; name = en; path = en.lproj/InfoPlist.strings; sourceTree = "<group>"; };
		E48D9CFA199F3351003351E5 /* main.m */ = {isa = PBXFileReference; lastKnownFileType = sourcecode.c.objc; path = main.m; sourceTree = "<group>"; };
		E48D9CFC199F3351003351E5 /* StudentLiving-Prefix.pch */ = {isa = PBXFileReference; lastKnownFileType = sourcecode.c.h; path = "StudentLiving-Prefix.pch"; sourceTree = "<group>"; };
		E48D9CFD199F3351003351E5 /* AppDelegate.h */ = {isa = PBXFileReference; lastKnownFileType = sourcecode.c.h; name = AppDelegate.h; path = ../AppDelegate.h; sourceTree = "<group>"; };
		E48D9CFE199F3351003351E5 /* AppDelegate.m */ = {isa = PBXFileReference; lastKnownFileType = sourcecode.c.objc; name = AppDelegate.m; path = ../AppDelegate.m; sourceTree = "<group>"; };
		E48D9D00199F3351003351E5 /* Images.xcassets */ = {isa = PBXFileReference; lastKnownFileType = folder.assetcatalog; path = Images.xcassets; sourceTree = "<group>"; };
		E48D9D06199F3351003351E5 /* StudentLivingTests.xctest */ = {isa = PBXFileReference; explicitFileType = wrapper.cfbundle; includeInIndex = 0; path = StudentLivingTests.xctest; sourceTree = BUILT_PRODUCTS_DIR; };
		E48D9D07199F3351003351E5 /* XCTest.framework */ = {isa = PBXFileReference; lastKnownFileType = wrapper.framework; name = XCTest.framework; path = Library/Frameworks/XCTest.framework; sourceTree = DEVELOPER_DIR; };
		E48D9D0F199F3351003351E5 /* StudentLivingTests-Info.plist */ = {isa = PBXFileReference; lastKnownFileType = text.plist.xml; path = "StudentLivingTests-Info.plist"; sourceTree = "<group>"; };
		E48D9D11199F3351003351E5 /* en */ = {isa = PBXFileReference; lastKnownFileType = text.plist.strings; name = en; path = en.lproj/InfoPlist.strings; sourceTree = "<group>"; };
		E48D9D13199F3351003351E5 /* StudentLivingTests.m */ = {isa = PBXFileReference; lastKnownFileType = sourcecode.c.objc; path = StudentLivingTests.m; sourceTree = "<group>"; };
		E48D9D23199F33F9003351E5 /* Main.storyboard */ = {isa = PBXFileReference; fileEncoding = 4; lastKnownFileType = file.storyboard; path = Main.storyboard; sourceTree = "<group>"; };
		E48D9D29199F40CE003351E5 /* OverviewViewController.h */ = {isa = PBXFileReference; fileEncoding = 4; lastKnownFileType = sourcecode.c.h; path = OverviewViewController.h; sourceTree = "<group>"; };
		E48D9D2A199F40CE003351E5 /* OverviewViewController.m */ = {isa = PBXFileReference; fileEncoding = 4; lastKnownFileType = sourcecode.c.objc; path = OverviewViewController.m; sourceTree = "<group>"; };
		E48D9D2C199F40DD003351E5 /* ProjectionsViewController.h */ = {isa = PBXFileReference; fileEncoding = 4; lastKnownFileType = sourcecode.c.h; path = ProjectionsViewController.h; sourceTree = "<group>"; };
		E48D9D2D199F40DD003351E5 /* ProjectionsViewController.m */ = {isa = PBXFileReference; fileEncoding = 4; lastKnownFileType = sourcecode.c.objc; path = ProjectionsViewController.m; sourceTree = "<group>"; };
		E48D9D2F199F40EB003351E5 /* ExpendituresViewController.h */ = {isa = PBXFileReference; fileEncoding = 4; lastKnownFileType = sourcecode.c.h; path = ExpendituresViewController.h; sourceTree = "<group>"; };
		E48D9D30199F40EB003351E5 /* ExpendituresViewController.m */ = {isa = PBXFileReference; fileEncoding = 4; lastKnownFileType = sourcecode.c.objc; path = ExpendituresViewController.m; sourceTree = "<group>"; };
		E48D9D32199F40F6003351E5 /* AddExpenditureViewController.h */ = {isa = PBXFileReference; fileEncoding = 4; lastKnownFileType = sourcecode.c.h; path = AddExpenditureViewController.h; sourceTree = "<group>"; };
		E48D9D33199F40F6003351E5 /* AddExpenditureViewController.m */ = {isa = PBXFileReference; fileEncoding = 4; lastKnownFileType = sourcecode.c.objc; path = AddExpenditureViewController.m; sourceTree = "<group>"; };
		E48D9D36199F411B003351E5 /* ExpenditureCell.h */ = {isa = PBXFileReference; fileEncoding = 4; lastKnownFileType = sourcecode.c.h; path = ExpenditureCell.h; sourceTree = "<group>"; };
		E48D9D37199F411B003351E5 /* ExpenditureCell.m */ = {isa = PBXFileReference; fileEncoding = 4; lastKnownFileType = sourcecode.c.objc; path = ExpenditureCell.m; sourceTree = "<group>"; };
		E48D9D39199F423F003351E5 /* UIView+FormScroll.h */ = {isa = PBXFileReference; fileEncoding = 4; lastKnownFileType = sourcecode.c.h; path = "UIView+FormScroll.h"; sourceTree = "<group>"; };
		E48D9D3A199F423F003351E5 /* UIView+FormScroll.m */ = {isa = PBXFileReference; fileEncoding = 4; lastKnownFileType = sourcecode.c.objc; path = "UIView+FormScroll.m"; sourceTree = "<group>"; };
/* End PBXFileReference section */

/* Begin PBXFrameworksBuildPhase section */
		E48D9CE8199F3351003351E5 /* Frameworks */ = {
			isa = PBXFrameworksBuildPhase;
			buildActionMask = 2147483647;
			files = (
				E48D9CF1199F3351003351E5 /* CoreGraphics.framework in Frameworks */,
				E48D9CF3199F3351003351E5 /* UIKit.framework in Frameworks */,
				E48D9CEF199F3351003351E5 /* Foundation.framework in Frameworks */,
			);
			runOnlyForDeploymentPostprocessing = 0;
		};
		E48D9D03199F3351003351E5 /* Frameworks */ = {
			isa = PBXFrameworksBuildPhase;
			buildActionMask = 2147483647;
			files = (
				E48D9D08199F3351003351E5 /* XCTest.framework in Frameworks */,
				E48D9D0A199F3351003351E5 /* UIKit.framework in Frameworks */,
				E48D9D09199F3351003351E5 /* Foundation.framework in Frameworks */,
			);
			runOnlyForDeploymentPostprocessing = 0;
		};
/* End PBXFrameworksBuildPhase section */

/* Begin PBXGroup section */
		E48D9CE2199F3351003351E5 = {
			isa = PBXGroup;
			children = (
				E48D9CF4199F3351003351E5 /* StudentLiving */,
				E48D9D0D199F3351003351E5 /* StudentLivingTests */,
				E48D9CED199F3351003351E5 /* Frameworks */,
				E48D9CEC199F3351003351E5 /* Products */,
			);
			sourceTree = "<group>";
		};
		E48D9CEC199F3351003351E5 /* Products */ = {
			isa = PBXGroup;
			children = (
				E48D9CEB199F3351003351E5 /* StudentLiving.app */,
				E48D9D06199F3351003351E5 /* StudentLivingTests.xctest */,
			);
			name = Products;
			sourceTree = "<group>";
		};
		E48D9CED199F3351003351E5 /* Frameworks */ = {
			isa = PBXGroup;
			children = (
				E48D9CEE199F3351003351E5 /* Foundation.framework */,
				E48D9CF0199F3351003351E5 /* CoreGraphics.framework */,
				E48D9CF2199F3351003351E5 /* UIKit.framework */,
				E48D9D07199F3351003351E5 /* XCTest.framework */,
			);
			name = Frameworks;
			sourceTree = "<group>";
		};
		E48D9CF4199F3351003351E5 /* StudentLiving */ = {
			isa = PBXGroup;
			children = (
				E48D9D22199F33CB003351E5 /* delegate */,
				E48D9D21199F33BE003351E5 /* lib */,
				E48D9D1D199F3378003351E5 /* ui */,
				E48D9D00199F3351003351E5 /* Images.xcassets */,
				E48D9CF5199F3351003351E5 /* Supporting Files */,
			);
			path = StudentLiving;
			sourceTree = "<group>";
		};
		E48D9CF5199F3351003351E5 /* Supporting Files */ = {
			isa = PBXGroup;
			children = (
				E48D9CF6199F3351003351E5 /* StudentLiving-Info.plist */,
				E48D9CF7199F3351003351E5 /* InfoPlist.strings */,
				E48D9CFA199F3351003351E5 /* main.m */,
				E48D9CFC199F3351003351E5 /* StudentLiving-Prefix.pch */,
			);
			name = "Supporting Files";
			sourceTree = "<group>";
		};
		E48D9D0D199F3351003351E5 /* StudentLivingTests */ = {
			isa = PBXGroup;
			children = (
				E48D9D13199F3351003351E5 /* StudentLivingTests.m */,
				E48D9D0E199F3351003351E5 /* Supporting Files */,
			);
			path = StudentLivingTests;
			sourceTree = "<group>";
		};
		E48D9D0E199F3351003351E5 /* Supporting Files */ = {
			isa = PBXGroup;
			children = (
				E48D9D0F199F3351003351E5 /* StudentLivingTests-Info.plist */,
				E48D9D10199F3351003351E5 /* InfoPlist.strings */,
			);
			name = "Supporting Files";
			sourceTree = "<group>";
		};
		E48D9D1D199F3378003351E5 /* ui */ = {
			isa = PBXGroup;
			children = (
				E48D9D20199F33AD003351E5 /* support */,
				E48D9D1F199F339A003351E5 /* storyboard */,
				E48D9D1E199F3389003351E5 /* controllers */,
			);
			path = ui;
			sourceTree = "<group>";
		};
		E48D9D1E199F3389003351E5 /* controllers */ = {
			isa = PBXGroup;
			children = (
				E48D9D28199F40AE003351E5 /* add expenditure */,
				E48D9D27199F4098003351E5 /* expenditures */,
				E48D9D26199F407B003351E5 /* projections */,
				E48D9D25199F406E003351E5 /* overview */,
			);
			path = controllers;
			sourceTree = "<group>";
		};
		E48D9D1F199F339A003351E5 /* storyboard */ = {
			isa = PBXGroup;
			children = (
				E48D9D23199F33F9003351E5 /* Main.storyboard */,
			);
			path = storyboard;
			sourceTree = "<group>";
		};
		E48D9D20199F33AD003351E5 /* support */ = {
			isa = PBXGroup;
			children = (
				E48D9D39199F423F003351E5 /* UIView+FormScroll.h */,
				E48D9D3A199F423F003351E5 /* UIView+FormScroll.m */,
			);
			path = support;
			sourceTree = "<group>";
		};
		E48D9D21199F33BE003351E5 /* lib */ = {
			isa = PBXGroup;
			children = (
			);
			path = lib;
			sourceTree = "<group>";
		};
		E48D9D22199F33CB003351E5 /* delegate */ = {
			isa = PBXGroup;
			children = (
				E48D9CFD199F3351003351E5 /* AppDelegate.h */,
				E48D9CFE199F3351003351E5 /* AppDelegate.m */,
			);
			path = delegate;
			sourceTree = "<group>";
		};
		E48D9D25199F406E003351E5 /* overview */ = {
			isa = PBXGroup;
			children = (
				E48D9D29199F40CE003351E5 /* OverviewViewController.h */,
				E48D9D2A199F40CE003351E5 /* OverviewViewController.m */,
			);
			path = overview;
			sourceTree = "<group>";
		};
		E48D9D26199F407B003351E5 /* projections */ = {
			isa = PBXGroup;
			children = (
				E48D9D2C199F40DD003351E5 /* ProjectionsViewController.h */,
				E48D9D2D199F40DD003351E5 /* ProjectionsViewController.m */,
			);
			path = projections;
			sourceTree = "<group>";
		};
		E48D9D27199F4098003351E5 /* expenditures */ = {
			isa = PBXGroup;
			children = (
				E48D9D35199F4105003351E5 /* cell */,
				E48D9D2F199F40EB003351E5 /* ExpendituresViewController.h */,
				E48D9D30199F40EB003351E5 /* ExpendituresViewController.m */,
			);
			path = expenditures;
			sourceTree = "<group>";
		};
		E48D9D28199F40AE003351E5 /* add expenditure */ = {
			isa = PBXGroup;
			children = (
				E48D9D32199F40F6003351E5 /* AddExpenditureViewController.h */,
				E48D9D33199F40F6003351E5 /* AddExpenditureViewController.m */,
			);
			path = "add expenditure";
			sourceTree = "<group>";
		};
		E48D9D35199F4105003351E5 /* cell */ = {
			isa = PBXGroup;
			children = (
				E48D9D36199F411B003351E5 /* ExpenditureCell.h */,
				E48D9D37199F411B003351E5 /* ExpenditureCell.m */,
			);
			path = cell;
			sourceTree = "<group>";
		};
/* End PBXGroup section */

/* Begin PBXNativeTarget section */
		E48D9CEA199F3351003351E5 /* StudentLiving */ = {
			isa = PBXNativeTarget;
			buildConfigurationList = E48D9D17199F3351003351E5 /* Build configuration list for PBXNativeTarget "StudentLiving" */;
			buildPhases = (
				E48D9CE7199F3351003351E5 /* Sources */,
				E48D9CE8199F3351003351E5 /* Frameworks */,
				E48D9CE9199F3351003351E5 /* Resources */,
			);
			buildRules = (
			);
			dependencies = (
			);
			name = StudentLiving;
			productName = StudentLiving;
			productReference = E48D9CEB199F3351003351E5 /* StudentLiving.app */;
			productType = "com.apple.product-type.application";
		};
		E48D9D05199F3351003351E5 /* StudentLivingTests */ = {
			isa = PBXNativeTarget;
			buildConfigurationList = E48D9D1A199F3351003351E5 /* Build configuration list for PBXNativeTarget "StudentLivingTests" */;
			buildPhases = (
				E48D9D02199F3351003351E5 /* Sources */,
				E48D9D03199F3351003351E5 /* Frameworks */,
				E48D9D04199F3351003351E5 /* Resources */,
			);
			buildRules = (
			);
			dependencies = (
				E48D9D0C199F3351003351E5 /* PBXTargetDependency */,
			);
			name = StudentLivingTests;
			productName = StudentLivingTests;
			productReference = E48D9D06199F3351003351E5 /* StudentLivingTests.xctest */;
			productType = "com.apple.product-type.bundle.unit-test";
		};
/* End PBXNativeTarget section */

/* Begin PBXProject section */
		E48D9CE3199F3351003351E5 /* Project object */ = {
			isa = PBXProject;
			attributes = {
				LastUpgradeCheck = 0500;
				ORGANIZATIONNAME = "Swayn Consulting";
				TargetAttributes = {
					E48D9CEA199F3351003351E5 = {
						DevelopmentTeam = 8LEZ357CUG;
					};
					E48D9D05199F3351003351E5 = {
						TestTargetID = E48D9CEA199F3351003351E5;
					};
				};
			};
			buildConfigurationList = E48D9CE6199F3351003351E5 /* Build configuration list for PBXProject "StudentLiving" */;
			compatibilityVersion = "Xcode 3.2";
			developmentRegion = English;
			hasScannedForEncodings = 0;
			knownRegions = (
				en,
			);
			mainGroup = E48D9CE2199F3351003351E5;
			productRefGroup = E48D9CEC199F3351003351E5 /* Products */;
			projectDirPath = "";
			projectRoot = "";
			targets = (
				E48D9CEA199F3351003351E5 /* StudentLiving */,
				E48D9D05199F3351003351E5 /* StudentLivingTests */,
			);
		};
/* End PBXProject section */

/* Begin PBXResourcesBuildPhase section */
		E48D9CE9199F3351003351E5 /* Resources */ = {
			isa = PBXResourcesBuildPhase;
			buildActionMask = 2147483647;
			files = (
				E48D9D24199F33F9003351E5 /* Main.storyboard in Resources */,
				E48D9CF9199F3351003351E5 /* InfoPlist.strings in Resources */,
				E48D9D01199F3351003351E5 /* Images.xcassets in Resources */,
			);
			runOnlyForDeploymentPostprocessing = 0;
		};
		E48D9D04199F3351003351E5 /* Resources */ = {
			isa = PBXResourcesBuildPhase;
			buildActionMask = 2147483647;
			files = (
				E48D9D12199F3351003351E5 /* InfoPlist.strings in Resources */,
			);
			runOnlyForDeploymentPostprocessing = 0;
		};
/* End PBXResourcesBuildPhase section */

/* Begin PBXSourcesBuildPhase section */
		E48D9CE7199F3351003351E5 /* Sources */ = {
			isa = PBXSourcesBuildPhase;
			buildActionMask = 2147483647;
			files = (
				E48D9D38199F411B003351E5 /* ExpenditureCell.m in Sources */,
				E48D9CFF199F3351003351E5 /* AppDelegate.m in Sources */,
				E48D9D31199F40EB003351E5 /* ExpendituresViewController.m in Sources */,
				E48D9D2E199F40DD003351E5 /* ProjectionsViewController.m in Sources */,
				E48D9D2B199F40CE003351E5 /* OverviewViewController.m in Sources */,
				E48D9D3B199F423F003351E5 /* UIView+FormScroll.m in Sources */,
				E48D9D34199F40F6003351E5 /* AddExpenditureViewController.m in Sources */,
				E48D9CFB199F3351003351E5 /* main.m in Sources */,
			);
			runOnlyForDeploymentPostprocessing = 0;
		};
		E48D9D02199F3351003351E5 /* Sources */ = {
			isa = PBXSourcesBuildPhase;
			buildActionMask = 2147483647;
			files = (
				E48D9D14199F3351003351E5 /* StudentLivingTests.m in Sources */,
			);
			runOnlyForDeploymentPostprocessing = 0;
		};
/* End PBXSourcesBuildPhase section */

/* Begin PBXTargetDependency section */
		E48D9D0C199F3351003351E5 /* PBXTargetDependency */ = {
			isa = PBXTargetDependency;
			target = E48D9CEA199F3351003351E5 /* StudentLiving */;
			targetProxy = E48D9D0B199F3351003351E5 /* PBXContainerItemProxy */;
		};
/* End PBXTargetDependency section */

/* Begin PBXVariantGroup section */
		E48D9CF7199F3351003351E5 /* InfoPlist.strings */ = {
			isa = PBXVariantGroup;
			children = (
				E48D9CF8199F3351003351E5 /* en */,
			);
			name = InfoPlist.strings;
			sourceTree = "<group>";
		};
		E48D9D10199F3351003351E5 /* InfoPlist.strings */ = {
			isa = PBXVariantGroup;
			children = (
				E48D9D11199F3351003351E5 /* en */,
			);
			name = InfoPlist.strings;
			sourceTree = "<group>";
		};
/* End PBXVariantGroup section */

/* Begin XCBuildConfiguration section */
		E48D9D15199F3351003351E5 /* Debug */ = {
			isa = XCBuildConfiguration;
			buildSettings = {
				ALWAYS_SEARCH_USER_PATHS = NO;
				ARCHS = "$(ARCHS_STANDARD_INCLUDING_64_BIT)";
				CLANG_CXX_LANGUAGE_STANDARD = "gnu++0x";
				CLANG_CXX_LIBRARY = "libc++";
				CLANG_ENABLE_MODULES = YES;
				CLANG_ENABLE_OBJC_ARC = YES;
				CLANG_WARN_BOOL_CONVERSION = YES;
				CLANG_WARN_CONSTANT_CONVERSION = YES;
				CLANG_WARN_DIRECT_OBJC_ISA_USAGE = YES_ERROR;
				CLANG_WARN_EMPTY_BODY = YES;
				CLANG_WARN_ENUM_CONVERSION = YES;
				CLANG_WARN_INT_CONVERSION = YES;
				CLANG_WARN_OBJC_ROOT_CLASS = YES_ERROR;
				CLANG_WARN__DUPLICATE_METHOD_MATCH = YES;
				"CODE_SIGN_IDENTITY[sdk=iphoneos*]" = "iPhone Developer";
				COPY_PHASE_STRIP = NO;
				GCC_C_LANGUAGE_STANDARD = gnu99;
				GCC_DYNAMIC_NO_PIC = NO;
				GCC_OPTIMIZATION_LEVEL = 0;
				GCC_PREPROCESSOR_DEFINITIONS = (
					"DEBUG=1",
					"$(inherited)",
				);
				GCC_SYMBOLS_PRIVATE_EXTERN = NO;
				GCC_WARN_64_TO_32_BIT_CONVERSION = YES;
				GCC_WARN_ABOUT_RETURN_TYPE = YES_ERROR;
				GCC_WARN_UNDECLARED_SELECTOR = YES;
				GCC_WARN_UNINITIALIZED_AUTOS = YES;
				GCC_WARN_UNUSED_FUNCTION = YES;
				GCC_WARN_UNUSED_VARIABLE = YES;
				IPHONEOS_DEPLOYMENT_TARGET = 7.0;
				ONLY_ACTIVE_ARCH = YES;
				SDKROOT = iphoneos;
			};
			name = Debug;
		};
		E48D9D16199F3351003351E5 /* Release */ = {
			isa = XCBuildConfiguration;
			buildSettings = {
				ALWAYS_SEARCH_USER_PATHS = NO;
				ARCHS = "$(ARCHS_STANDARD_INCLUDING_64_BIT)";
				CLANG_CXX_LANGUAGE_STANDARD = "gnu++0x";
				CLANG_CXX_LIBRARY = "libc++";
				CLANG_ENABLE_MODULES = YES;
				CLANG_ENABLE_OBJC_ARC = YES;
				CLANG_WARN_BOOL_CONVERSION = YES;
				CLANG_WARN_CONSTANT_CONVERSION = YES;
				CLANG_WARN_DIRECT_OBJC_ISA_USAGE = YES_ERROR;
				CLANG_WARN_EMPTY_BODY = YES;
				CLANG_WARN_ENUM_CONVERSION = YES;
				CLANG_WARN_INT_CONVERSION = YES;
				CLANG_WARN_OBJC_ROOT_CLASS = YES_ERROR;
				CLANG_WARN__DUPLICATE_METHOD_MATCH = YES;
				"CODE_SIGN_IDENTITY[sdk=iphoneos*]" = "iPhone Developer";
				COPY_PHASE_STRIP = YES;
				ENABLE_NS_ASSERTIONS = NO;
				GCC_C_LANGUAGE_STANDARD = gnu99;
				GCC_WARN_64_TO_32_BIT_CONVERSION = YES;
				GCC_WARN_ABOUT_RETURN_TYPE = YES_ERROR;
				GCC_WARN_UNDECLARED_SELECTOR = YES;
				GCC_WARN_UNINITIALIZED_AUTOS = YES;
				GCC_WARN_UNUSED_FUNCTION = YES;
				GCC_WARN_UNUSED_VARIABLE = YES;
				IPHONEOS_DEPLOYMENT_TARGET = 7.0;
				SDKROOT = iphoneos;
				VALIDATE_PRODUCT = YES;
			};
			name = Release;
		};
		E48D9D18199F3351003351E5 /* Debug */ = {
			isa = XCBuildConfiguration;
			buildSettings = {
				ASSETCATALOG_COMPILER_APPICON_NAME = AppIcon;
				ASSETCATALOG_COMPILER_LAUNCHIMAGE_NAME = LaunchImage;
				CODE_SIGN_IDENTITY = "iPhone Developer";
				GCC_PRECOMPILE_PREFIX_HEADER = YES;
				GCC_PREFIX_HEADER = "StudentLiving/StudentLiving-Prefix.pch";
				INFOPLIST_FILE = "StudentLiving/StudentLiving-Info.plist";
				PRODUCT_NAME = "$(TARGET_NAME)";
				WRAPPER_EXTENSION = app;
			};
			name = Debug;
		};
		E48D9D19199F3351003351E5 /* Release */ = {
			isa = XCBuildConfiguration;
			buildSettings = {
				ASSETCATALOG_COMPILER_APPICON_NAME = AppIcon;
				ASSETCATALOG_COMPILER_LAUNCHIMAGE_NAME = LaunchImage;
				CODE_SIGN_IDENTITY = "iPhone Developer";
				GCC_PRECOMPILE_PREFIX_HEADER = YES;
				GCC_PREFIX_HEADER = "StudentLiving/StudentLiving-Prefix.pch";
				INFOPLIST_FILE = "StudentLiving/StudentLiving-Info.plist";
				PRODUCT_NAME = "$(TARGET_NAME)";
				WRAPPER_EXTENSION = app;
			};
			name = Release;
		};
		E48D9D1B199F3351003351E5 /* Debug */ = {
			isa = XCBuildConfiguration;
			buildSettings = {
				ARCHS = "$(ARCHS_STANDARD_INCLUDING_64_BIT)";
				BUNDLE_LOADER = "$(BUILT_PRODUCTS_DIR)/StudentLiving.app/StudentLiving";
				FRAMEWORK_SEARCH_PATHS = (
					"$(SDKROOT)/Developer/Library/Frameworks",
					"$(inherited)",
					"$(DEVELOPER_FRAMEWORKS_DIR)",
				);
				GCC_PRECOMPILE_PREFIX_HEADER = YES;
				GCC_PREFIX_HEADER = "StudentLiving/StudentLiving-Prefix.pch";
				GCC_PREPROCESSOR_DEFINITIONS = (
					"DEBUG=1",
					"$(inherited)",
				);
				INFOPLIST_FILE = "StudentLivingTests/StudentLivingTests-Info.plist";
				PRODUCT_NAME = "$(TARGET_NAME)";
				TEST_HOST = "$(BUNDLE_LOADER)";
				WRAPPER_EXTENSION = xctest;
			};
			name = Debug;
		};
		E48D9D1C199F3351003351E5 /* Release */ = {
			isa = XCBuildConfiguration;
			buildSettings = {
				ARCHS = "$(ARCHS_STANDARD_INCLUDING_64_BIT)";
				BUNDLE_LOADER = "$(BUILT_PRODUCTS_DIR)/StudentLiving.app/StudentLiving";
				FRAMEWORK_SEARCH_PATHS = (
					"$(SDKROOT)/Developer/Library/Frameworks",
					"$(inherited)",
					"$(DEVELOPER_FRAMEWORKS_DIR)",
				);
				GCC_PRECOMPILE_PREFIX_HEADER = YES;
				GCC_PREFIX_HEADER = "StudentLiving/StudentLiving-Prefix.pch";
				INFOPLIST_FILE = "StudentLivingTests/StudentLivingTests-Info.plist";
				PRODUCT_NAME = "$(TARGET_NAME)";
				TEST_HOST = "$(BUNDLE_LOADER)";
				WRAPPER_EXTENSION = xctest;
			};
			name = Release;
		};
/* End XCBuildConfiguration section */

/* Begin XCConfigurationList section */
		E48D9CE6199F3351003351E5 /* Build configuration list for PBXProject "StudentLiving" */ = {
			isa = XCConfigurationList;
			buildConfigurations = (
				E48D9D15199F3351003351E5 /* Debug */,
				E48D9D16199F3351003351E5 /* Release */,
			);
			defaultConfigurationIsVisible = 0;
			defaultConfigurationName = Release;
		};
		E48D9D17199F3351003351E5 /* Build configuration list for PBXNativeTarget "StudentLiving" */ = {
			isa = XCConfigurationList;
			buildConfigurations = (
				E48D9D18199F3351003351E5 /* Debug */,
				E48D9D19199F3351003351E5 /* Release */,
			);
			defaultConfigurationIsVisible = 0;
		};
		E48D9D1A199F3351003351E5 /* Build configuration list for PBXNativeTarget "StudentLivingTests" */ = {
			isa = XCConfigurationList;
			buildConfigurations = (
				E48D9D1B199F3351003351E5 /* Debug */,
				E48D9D1C199F3351003351E5 /* Release */,
			);
			defaultConfigurationIsVisible = 0;
		};
/* End XCConfigurationList section */
	};
	rootObject = E48D9CE3199F3351003351E5 /* Project object */;
}
